
Microsoft Visual Studio Solution File, Format Version 12.00
# Visual Studio 15
VisualStudioVersion = 15.0.27703.2047
MinimumVisualStudioVersion = 10.0.40219.1
Project("{FAE04EC0-301F-11D3-BF4B-00C04F79EFBC}") = "Ejercicio_26", "Ejercicio_26\Ejercicio_26.csproj", "{271FFF4F-94EE-436E-A2F3-7BFE5832EF84}"
EndProject
Global
	GlobalSection(SolutionConfigurationPlatforms) = preSolution
		Debug|Any CPU = Debug|Any CPU
		Release|Any CPU = Release|Any CPU
	EndGlobalSection
	GlobalSection(ProjectConfigurationPlatforms) = postSolution
		{271FFF4F-94EE-436E-A2F3-7BFE5832EF84}.Debug|Any CPU.ActiveCfg = Debug|Any CPU
		{271FFF4F-94EE-436E-A2F3-7BFE5832EF84}.Debug|Any CPU.Build.0 = Debug|Any CPU
		{271FFF4F-94EE-436E-A2F3-7BFE5832EF84}.Release|Any CPU.ActiveCfg = Release|Any CPU
		{271FFF4F-94EE-436E-A2F3-7BFE5832EF84}.Release|Any CPU.Build.0 = Release|Any CPU
	EndGlobalSection
	GlobalSection(SolutionProperties) = preSolution
		HideSolutionNode = FALSE
	EndGlobalSection
	GlobalSection(ExtensibilityGlobals) = postSolution
		SolutionGuid = {D1DDD9ED-F305-4D02-9A5B-A9D207691677}
	EndGlobalSection
EndGlobal
