
Microsoft Visual Studio Solution File, Format Version 12.00
# Visual Studio 15
VisualStudioVersion = 15.0.28307.539
MinimumVisualStudioVersion = 10.0.40219.1
Project("{FAE04EC0-301F-11D3-BF4B-00C04F79EFBC}") = "Ejercicio_17", "Ejercicio_17\Ejercicio_17.csproj", "{455F6DD1-4CDA-4E11-AEED-3DB112A432D3}"
EndProject
Global
	GlobalSection(SolutionConfigurationPlatforms) = preSolution
		Debug|Any CPU = Debug|Any CPU
		Release|Any CPU = Release|Any CPU
	EndGlobalSection
	GlobalSection(ProjectConfigurationPlatforms) = postSolution
		{455F6DD1-4CDA-4E11-AEED-3DB112A432D3}.Debug|Any CPU.ActiveCfg = Debug|Any CPU
		{455F6DD1-4CDA-4E11-AEED-3DB112A432D3}.Debug|Any CPU.Build.0 = Debug|Any CPU
		{455F6DD1-4CDA-4E11-AEED-3DB112A432D3}.Release|Any CPU.ActiveCfg = Release|Any CPU
		{455F6DD1-4CDA-4E11-AEED-3DB112A432D3}.Release|Any CPU.Build.0 = Release|Any CPU
	EndGlobalSection
	GlobalSection(SolutionProperties) = preSolution
		HideSolutionNode = FALSE
	EndGlobalSection
	GlobalSection(ExtensibilityGlobals) = postSolution
		SolutionGuid = {225A3966-1D21-46BA-8FA5-E80D56AC97AC}
	EndGlobalSection
EndGlobal
