
Microsoft Visual Studio Solution File, Format Version 12.00
# Visual Studio 15
VisualStudioVersion = 15.0.27703.2047
MinimumVisualStudioVersion = 10.0.40219.1
Project("{FAE04EC0-301F-11D3-BF4B-00C04F79EFBC}") = "Ejercicio_23", "Ejercicio_23\Ejercicio_23.csproj", "{B8A9588B-B136-4FDA-B37D-D0A28E3DF955}"
EndProject
Project("{FAE04EC0-301F-11D3-BF4B-00C04F79EFBC}") = "Moneda", "Moneda\Moneda.csproj", "{7EDD958A-3684-42B6-B4DB-43D4176D22FB}"
EndProject
Global
	GlobalSection(SolutionConfigurationPlatforms) = preSolution
		Debug|Any CPU = Debug|Any CPU
		Release|Any CPU = Release|Any CPU
	EndGlobalSection
	GlobalSection(ProjectConfigurationPlatforms) = postSolution
		{B8A9588B-B136-4FDA-B37D-D0A28E3DF955}.Debug|Any CPU.ActiveCfg = Debug|Any CPU
		{B8A9588B-B136-4FDA-B37D-D0A28E3DF955}.Debug|Any CPU.Build.0 = Debug|Any CPU
		{B8A9588B-B136-4FDA-B37D-D0A28E3DF955}.Release|Any CPU.ActiveCfg = Release|Any CPU
		{B8A9588B-B136-4FDA-B37D-D0A28E3DF955}.Release|Any CPU.Build.0 = Release|Any CPU
		{7EDD958A-3684-42B6-B4DB-43D4176D22FB}.Debug|Any CPU.ActiveCfg = Debug|Any CPU
		{7EDD958A-3684-42B6-B4DB-43D4176D22FB}.Debug|Any CPU.Build.0 = Debug|Any CPU
		{7EDD958A-3684-42B6-B4DB-43D4176D22FB}.Release|Any CPU.ActiveCfg = Release|Any CPU
		{7EDD958A-3684-42B6-B4DB-43D4176D22FB}.Release|Any CPU.Build.0 = Release|Any CPU
	EndGlobalSection
	GlobalSection(SolutionProperties) = preSolution
		HideSolutionNode = FALSE
	EndGlobalSection
	GlobalSection(ExtensibilityGlobals) = postSolution
		SolutionGuid = {8DC1A522-E16D-4C1A-92AE-5C86CFA1A3C3}
	EndGlobalSection
EndGlobal
